
Microsoft Visual Studio Solution File, Format Version 12.00
# Visual Studio Version 17
VisualStudioVersion = 17.13.35913.81 d17.13
MinimumVisualStudioVersion = 10.0.40219.1
Project("{FAE04EC0-301F-11D3-BF4B-00C04F79EFBC}") = "SeriLog_ExceptionHandling", "SeriLog_ExceptionHandling\SeriLog_ExceptionHandling.csproj", "{56932A4D-A7C1-482D-BE03-2B11BCD34899}"
EndProject
Global
	GlobalSection(SolutionConfigurationPlatforms) = preSolution
		Debug|Any CPU = Debug|Any CPU
		Release|Any CPU = Release|Any CPU
	EndGlobalSection
	GlobalSection(ProjectConfigurationPlatforms) = postSolution
		{56932A4D-A7C1-482D-BE03-2B11BCD34899}.Debug|Any CPU.ActiveCfg = Debug|Any CPU
		{56932A4D-A7C1-482D-BE03-2B11BCD34899}.Debug|Any CPU.Build.0 = Debug|Any CPU
		{56932A4D-A7C1-482D-BE03-2B11BCD34899}.Release|Any CPU.ActiveCfg = Release|Any CPU
		{56932A4D-A7C1-482D-BE03-2B11BCD34899}.Release|Any CPU.Build.0 = Release|Any CPU
	EndGlobalSection
	GlobalSection(SolutionProperties) = preSolution
		HideSolutionNode = FALSE
	EndGlobalSection
	GlobalSection(ExtensibilityGlobals) = postSolution
		SolutionGuid = {8EFAB346-40F6-4973-87C7-D68C61C4DF6B}
	EndGlobalSection
EndGlobal
